// !$*UTF8*$!
{
	archiveVersion = 1;
	classes = {
	};
	objectVersion = 77;
	objects = {

/* Begin PBXBuildFile section */
		CFFE23DD2F0B050C009463C9 /* TripPlannerKit in Frameworks */ = {isa = PBXBuildFile; productRef = CFFE23DC2F0B050C009463C9 /* TripPlannerKit */; };
/* End PBXBuildFile section */

/* Begin PBXContainerItemProxy section */
		CFFE23B22F0AF527009463C9 /* PBXContainerItemProxy */ = {
			isa = PBXContainerItemProxy;
			containerPortal = CFFE239A2F0AF527009463C9 /* Project object */;
			proxyType = 1;
			remoteGlobalIDString = CFFE23A12F0AF527009463C9;
			remoteInfo = TripPlannerApp;
		};
		CFFE23BC2F0AF528009463C9 /* PBXContainerItemProxy */ = {
			isa = PBXContainerItemProxy;
			containerPortal = CFFE239A2F0AF527009463C9 /* Project object */;
			proxyType = 1;
			remoteGlobalIDString = CFFE23A12F0AF527009463C9;
			remoteInfo = TripPlannerApp;
		};
/* End PBXContainerItemProxy section */

/* Begin PBXFileReference section */
		CFFE23A22F0AF527009463C9 /* TripPlannerApp.app */ = {isa = PBXFileReference; explicitFileType = wrapper.application; includeInIndex = 0; path = TripPlannerApp.app; sourceTree = BUILT_PRODUCTS_DIR; };
		CFFE23B12F0AF527009463C9 /* TripPlannerAppTests.xctest */ = {isa = PBXFileReference; explicitFileType = wrapper.cfbundle; includeInIndex = 0; path = TripPlannerAppTests.xctest; sourceTree = BUILT_PRODUCTS_DIR; };
		CFFE23BB2F0AF528009463C9 /* TripPlannerAppUITests.xctest */ = {isa = PBXFileReference; explicitFileType = wrapper.cfbundle; includeInIndex = 0; path = TripPlannerAppUITests.xctest; sourceTree = BUILT_PRODUCTS_DIR; };
/* End PBXFileReference section */

/* Begin PBXFileSystemSynchronizedRootGroup section */
		CFFE23A42F0AF527009463C9 /* TripPlannerApp */ = {
			isa = PBXFileSystemSynchronizedRootGroup;
			path = TripPlannerApp;
			sourceTree = "<group>";
		};
		CFFE23B42F0AF527009463C9 /* TripPlannerAppTests */ = {
			isa = PBXFileSystemSynchronizedRootGroup;
			path = TripPlannerAppTests;
			sourceTree = "<group>";
		};
		CFFE23BE2F0AF528009463C9 /* TripPlannerAppUITests */ = {
			isa = PBXFileSystemSynchronizedRootGroup;
			path = TripPlannerAppUITests;
			sourceTree = "<group>";
		};
/* End PBXFileSystemSynchronizedRootGroup section */

/* Begin PBXFrameworksBuildPhase section */
		CFFE239F2F0AF527009463C9 /* Frameworks */ = {
			isa = PBXFrameworksBuildPhase;
			buildActionMask = 2147483647;
			files = (
				CFFE23DD2F0B050C009463C9 /* TripPlannerKit in Frameworks */,
			);
			runOnlyForDeploymentPostprocessing = 0;
		};
		CFFE23AE2F0AF527009463C9 /* Frameworks */ = {
			isa = PBXFrameworksBuildPhase;
			buildActionMask = 2147483647;
			files = (
			);
			runOnlyForDeploymentPostprocessing = 0;
		};
		CFFE23B82F0AF528009463C9 /* Frameworks */ = {
			isa = PBXFrameworksBuildPhase;
			buildActionMask = 2147483647;
			files = (
			);
			runOnlyForDeploymentPostprocessing = 0;
		};
/* End PBXFrameworksBuildPhase section */

/* Begin PBXGroup section */
		CFFE23992F0AF527009463C9 = {
			isa = PBXGroup;
			children = (
				CFFE23A42F0AF527009463C9 /* TripPlannerApp */,
				CFFE23B42F0AF527009463C9 /* TripPlannerAppTests */,
				CFFE23BE2F0AF528009463C9 /* TripPlannerAppUITests */,
				CFFE23DB2F0B050C009463C9 /* Frameworks */,
				CFFE23A32F0AF527009463C9 /* Products */,
			);
			sourceTree = "<group>";
		};
		CFFE23A32F0AF527009463C9 /* Products */ = {
			isa = PBXGroup;
			children = (
				CFFE23A22F0AF527009463C9 /* TripPlannerApp.app */,
				CFFE23B12F0AF527009463C9 /* TripPlannerAppTests.xctest */,
				CFFE23BB2F0AF528009463C9 /* TripPlannerAppUITests.xctest */,
			);
			name = Products;
			sourceTree = "<group>";
		};
		CFFE23DB2F0B050C009463C9 /* Frameworks */ = {
			isa = PBXGroup;
			children = (
			);
			name = Frameworks;
			sourceTree = "<group>";
		};
/* End PBXGroup section */

/* Begin PBXNativeTarget section */
		CFFE23A12F0AF527009463C9 /* TripPlannerApp */ = {
			isa = PBXNativeTarget;
			buildConfigurationList = CFFE23C52F0AF528009463C9 /* Build configuration list for PBXNativeTarget "TripPlannerApp" */;
			buildPhases = (
				CFFE239E2F0AF527009463C9 /* Sources */,
				CFFE239F2F0AF527009463C9 /* Frameworks */,
				CFFE23A02F0AF527009463C9 /* Resources */,
			);
			buildRules = (
			);
			dependencies = (
			);
			fileSystemSynchronizedGroups = (
				CFFE23A42F0AF527009463C9 /* TripPlannerApp */,
			);
			name = TripPlannerApp;
			packageProductDependencies = (
				CFFE23DC2F0B050C009463C9 /* TripPlannerKit */,
			);
			productName = TripPlannerApp;
			productReference = CFFE23A22F0AF527009463C9 /* TripPlannerApp.app */;
			productType = "com.apple.product-type.application";
		};
		CFFE23B02F0AF527009463C9 /* TripPlannerAppTests */ = {
			isa = PBXNativeTarget;
			buildConfigurationList = CFFE23C82F0AF528009463C9 /* Build configuration list for PBXNativeTarget "TripPlannerAppTests" */;
			buildPhases = (
				CFFE23AD2F0AF527009463C9 /* Sources */,
				CFFE23AE2F0AF527009463C9 /* Frameworks */,
				CFFE23AF2F0AF527009463C9 /* Resources */,
			);
			buildRules = (
			);
			dependencies = (
				CFFE23B32F0AF527009463C9 /* PBXTargetDependency */,
			);
			fileSystemSynchronizedGroups = (
				CFFE23B42F0AF527009463C9 /* TripPlannerAppTests */,
			);
			name = TripPlannerAppTests;
			packageProductDependencies = (
			);
			productName = TripPlannerAppTests;
			productReference = CFFE23B12F0AF527009463C9 /* TripPlannerAppTests.xctest */;
			productType = "com.apple.product-type.bundle.unit-test";
		};
		CFFE23BA2F0AF528009463C9 /* TripPlannerAppUITests */ = {
			isa = PBXNativeTarget;
			buildConfigurationList = CFFE23CB2F0AF528009463C9 /* Build configuration list for PBXNativeTarget "TripPlannerAppUITests" */;
			buildPhases = (
				CFFE23B72F0AF528009463C9 /* Sources */,
				CFFE23B82F0AF528009463C9 /* Frameworks */,
				CFFE23B92F0AF528009463C9 /* Resources */,
			);
			buildRules = (
			);
			dependencies = (
				CFFE23BD2F0AF528009463C9 /* PBXTargetDependency */,
			);
			fileSystemSynchronizedGroups = (
				CFFE23BE2F0AF528009463C9 /* TripPlannerAppUITests */,
			);
			name = TripPlannerAppUITests;
			packageProductDependencies = (
			);
			productName = TripPlannerAppUITests;
			productReference = CFFE23BB2F0AF528009463C9 /* TripPlannerAppUITests.xctest */;
			productType = "com.apple.product-type.bundle.ui-testing";
		};
/* End PBXNativeTarget section */

/* Begin PBXProject section */
		CFFE239A2F0AF527009463C9 /* Project object */ = {
			isa = PBXProject;
			attributes = {
				BuildIndependentTargetsInParallel = 1;
				LastSwiftUpdateCheck = 2610;
				LastUpgradeCheck = 2610;
				TargetAttributes = {
					CFFE23A12F0AF527009463C9 = {
						CreatedOnToolsVersion = 26.1.1;
					};
					CFFE23B02F0AF527009463C9 = {
						CreatedOnToolsVersion = 26.1.1;
						TestTargetID = CFFE23A12F0AF527009463C9;
					};
					CFFE23BA2F0AF528009463C9 = {
						CreatedOnToolsVersion = 26.1.1;
						TestTargetID = CFFE23A12F0AF527009463C9;
					};
				};
			};
			buildConfigurationList = CFFE239D2F0AF527009463C9 /* Build configuration list for PBXProject "TripPlannerApp" */;
			developmentRegion = en;
			hasScannedForEncodings = 0;
			knownRegions = (
				en,
				Base,
			);
			mainGroup = CFFE23992F0AF527009463C9;
			minimizedProjectReferenceProxies = 1;
			packageReferences = (
				CFFE23D32F0AF852009463C9 /* XCLocalSwiftPackageReference "../../Packages/TripPlannerKit" */,
			);
			preferredProjectObjectVersion = 77;
			productRefGroup = CFFE23A32F0AF527009463C9 /* Products */;
			projectDirPath = "";
			projectRoot = "";
			targets = (
				CFFE23A12F0AF527009463C9 /* TripPlannerApp */,
				CFFE23B02F0AF527009463C9 /* TripPlannerAppTests */,
				CFFE23BA2F0AF528009463C9 /* TripPlannerAppUITests */,
			);
		};
/* End PBXProject section */

/* Begin PBXResourcesBuildPhase section */
		CFFE23A02F0AF527009463C9 /* Resources */ = {
			isa = PBXResourcesBuildPhase;
			buildActionMask = 2147483647;
			files = (
			);
			runOnlyForDeploymentPostprocessing = 0;
		};
		CFFE23AF2F0AF527009463C9 /* Resources */ = {
			isa = PBXResourcesBuildPhase;
			buildActionMask = 2147483647;
			files = (
			);
			runOnlyForDeploymentPostprocessing = 0;
		};
		CFFE23B92F0AF528009463C9 /* Resources */ = {
			isa = PBXResourcesBuildPhase;
			buildActionMask = 2147483647;
			files = (
			);
			runOnlyForDeploymentPostprocessing = 0;
		};
/* End PBXResourcesBuildPhase section */

/* Begin PBXSourcesBuildPhase section */
		CFFE239E2F0AF527009463C9 /* Sources */ = {
			isa = PBXSourcesBuildPhase;
			buildActionMask = 2147483647;
			files = (
			);
			runOnlyForDeploymentPostprocessing = 0;
		};
		CFFE23AD2F0AF527009463C9 /* Sources */ = {
			isa = PBXSourcesBuildPhase;
			buildActionMask = 2147483647;
			files = (
			);
			runOnlyForDeploymentPostprocessing = 0;
		};
		CFFE23B72F0AF528009463C9 /* Sources */ = {
			isa = PBXSourcesBuildPhase;
			buildActionMask = 2147483647;
			files = (
			);
			runOnlyForDeploymentPostprocessing = 0;
		};
/* End PBXSourcesBuildPhase section */

/* Begin PBXTargetDependency section */
		CFFE23B32F0AF527009463C9 /* PBXTargetDependency */ = {
			isa = PBXTargetDependency;
			target = CFFE23A12F0AF527009463C9 /* TripPlannerApp */;
			targetProxy = CFFE23B22F0AF527009463C9 /* PBXContainerItemProxy */;
		};
		CFFE23BD2F0AF528009463C9 /* PBXTargetDependency */ = {
			isa = PBXTargetDependency;
			target = CFFE23A12F0AF527009463C9 /* TripPlannerApp */;
			targetProxy = CFFE23BC2F0AF528009463C9 /* PBXContainerItemProxy */;
		};
/* End PBXTargetDependency section */

/* Begin XCBuildConfiguration section */
		CFFE23C32F0AF528009463C9 /* Debug */ = {
			isa = XCBuildConfiguration;
			buildSettings = {
				ALWAYS_SEARCH_USER_PATHS = NO;
				ASSETCATALOG_COMPILER_GENERATE_SWIFT_ASSET_SYMBOL_EXTENSIONS = YES;
				CLANG_ANALYZER_NONNULL = YES;
				CLANG_ANALYZER_NUMBER_OBJECT_CONVERSION = YES_AGGRESSIVE;
				CLANG_CXX_LANGUAGE_STANDARD = "gnu++20";
				CLANG_ENABLE_MODULES = YES;
				CLANG_ENABLE_OBJC_ARC = YES;
				CLANG_ENABLE_OBJC_WEAK = YES;
				CLANG_WARN_BLOCK_CAPTURE_AUTORELEASING = YES;
				CLANG_WARN_BOOL_CONVERSION = YES;
				CLANG_WARN_COMMA = YES;
				CLANG_WARN_CONSTANT_CONVERSION = YES;
				CLANG_WARN_DEPRECATED_OBJC_IMPLEMENTATIONS = YES;
				CLANG_WARN_DIRECT_OBJC_ISA_USAGE = YES_ERROR;
				CLANG_WARN_DOCUMENTATION_COMMENTS = YES;
				CLANG_WARN_EMPTY_BODY = YES;
				CLANG_WARN_ENUM_CONVERSION = YES;
				CLANG_WARN_INFINITE_RECURSION = YES;
				CLANG_WARN_INT_CONVERSION = YES;
				CLANG_WARN_NON_LITERAL_NULL_CONVERSION = YES;
				CLANG_WARN_OBJC_IMPLICIT_RETAIN_SELF = YES;
				CLANG_WARN_OBJC_LITERAL_CONVERSION = YES;
				CLANG_WARN_OBJC_ROOT_CLASS = YES_ERROR;
				CLANG_WARN_QUOTED_INCLUDE_IN_FRAMEWORK_HEADER = YES;
				CLANG_WARN_RANGE_LOOP_ANALYSIS = YES;
				CLANG_WARN_STRICT_PROTOTYPES = YES;
				CLANG_WARN_SUSPICIOUS_MOVE = YES;
				CLANG_WARN_UNGUARDED_AVAILABILITY = YES_AGGRESSIVE;
				CLANG_WARN_UNREACHABLE_CODE = YES;
				CLANG_WARN__DUPLICATE_METHOD_MATCH = YES;
				COPY_PHASE_STRIP = NO;
				DEBUG_INFORMATION_FORMAT = dwarf;
				DEVELOPMENT_TEAM = 72929TBAA4;
				ENABLE_STRICT_OBJC_MSGSEND = YES;
				ENABLE_TESTABILITY = YES;
				ENABLE_USER_SCRIPT_SANDBOXING = YES;
				GCC_C_LANGUAGE_STANDARD = gnu17;
				GCC_DYNAMIC_NO_PIC = NO;
				GCC_NO_COMMON_BLOCKS = YES;
				GCC_OPTIMIZATION_LEVEL = 0;
				GCC_PREPROCESSOR_DEFINITIONS = (
					"DEBUG=1",
					"$(inherited)",
				);
				GCC_WARN_64_TO_32_BIT_CONVERSION = YES;
				GCC_WARN_ABOUT_RETURN_TYPE = YES_ERROR;
				GCC_WARN_UNDECLARED_SELECTOR = YES;
				GCC_WARN_UNINITIALIZED_AUTOS = YES_AGGRESSIVE;
				GCC_WARN_UNUSED_FUNCTION = YES;
				GCC_WARN_UNUSED_VARIABLE = YES;
				IPHONEOS_DEPLOYMENT_TARGET = 26.1;
				LOCALIZATION_PREFERS_STRING_CATALOGS = YES;
				MTL_ENABLE_DEBUG_INFO = INCLUDE_SOURCE;
				MTL_FAST_MATH = YES;
				ONLY_ACTIVE_ARCH = YES;
				SDKROOT = iphoneos;
				SWIFT_ACTIVE_COMPILATION_CONDITIONS = "DEBUG $(inherited)";
				SWIFT_OPTIMIZATION_LEVEL = "-Onone";
			};
			name = Debug;
		};
		CFFE23C42F0AF528009463C9 /* Release */ = {
			isa = XCBuildConfiguration;
			buildSettings = {
				ALWAYS_SEARCH_USER_PATHS = NO;
				ASSETCATALOG_COMPILER_GENERATE_SWIFT_ASSET_SYMBOL_EXTENSIONS = YES;
				CLANG_ANALYZER_NONNULL = YES;
				CLANG_ANALYZER_NUMBER_OBJECT_CONVERSION = YES_AGGRESSIVE;
				CLANG_CXX_LANGUAGE_STANDARD = "gnu++20";
				CLANG_ENABLE_MODULES = YES;
				CLANG_ENABLE_OBJC_ARC = YES;
				CLANG_ENABLE_OBJC_WEAK = YES;
				CLANG_WARN_BLOCK_CAPTURE_AUTORELEASING = YES;
				CLANG_WARN_BOOL_CONVERSION = YES;
				CLANG_WARN_COMMA = YES;
				CLANG_WARN_CONSTANT_CONVERSION = YES;
				CLANG_WARN_DEPRECATED_OBJC_IMPLEMENTATIONS = YES;
				CLANG_WARN_DIRECT_OBJC_ISA_USAGE = YES_ERROR;
				CLANG_WARN_DOCUMENTATION_COMMENTS = YES;
				CLANG_WARN_EMPTY_BODY = YES;
				CLANG_WARN_ENUM_CONVERSION = YES;
				CLANG_WARN_INFINITE_RECURSION = YES;
				CLANG_WARN_INT_CONVERSION = YES;
				CLANG_WARN_NON_LITERAL_NULL_CONVERSION = YES;
				CLANG_WARN_OBJC_IMPLICIT_RETAIN_SELF = YES;
				CLANG_WARN_OBJC_LITERAL_CONVERSION = YES;
				CLANG_WARN_OBJC_ROOT_CLASS = YES_ERROR;
				CLANG_WARN_QUOTED_INCLUDE_IN_FRAMEWORK_HEADER = YES;
				CLANG_WARN_RANGE_LOOP_ANALYSIS = YES;
				CLANG_WARN_STRICT_PROTOTYPES = YES;
				CLANG_WARN_SUSPICIOUS_MOVE = YES;
				CLANG_WARN_UNGUARDED_AVAILABILITY = YES_AGGRESSIVE;
				CLANG_WARN_UNREACHABLE_CODE = YES;
				CLANG_WARN__DUPLICATE_METHOD_MATCH = YES;
				COPY_PHASE_STRIP = NO;
				DEBUG_INFORMATION_FORMAT = "dwarf-with-dsym";
				DEVELOPMENT_TEAM = 72929TBAA4;
				ENABLE_NS_ASSERTIONS = NO;
				ENABLE_STRICT_OBJC_MSGSEND = YES;
				ENABLE_USER_SCRIPT_SANDBOXING = YES;
				GCC_C_LANGUAGE_STANDARD = gnu17;
				GCC_NO_COMMON_BLOCKS = YES;
				GCC_WARN_64_TO_32_BIT_CONVERSION = YES;
				GCC_WARN_ABOUT_RETURN_TYPE = YES_ERROR;
				GCC_WARN_UNDECLARED_SELECTOR = YES;
				GCC_WARN_UNINITIALIZED_AUTOS = YES_AGGRESSIVE;
				GCC_WARN_UNUSED_FUNCTION = YES;
				GCC_WARN_UNUSED_VARIABLE = YES;
				IPHONEOS_DEPLOYMENT_TARGET = 26.1;
				LOCALIZATION_PREFERS_STRING_CATALOGS = YES;
				MTL_ENABLE_DEBUG_INFO = NO;
				MTL_FAST_MATH = YES;
				SDKROOT = iphoneos;
				SWIFT_COMPILATION_MODE = wholemodule;
				VALIDATE_PRODUCT = YES;
			};
			name = Release;
		};
		CFFE23C62F0AF528009463C9 /* Debug */ = {
			isa = XCBuildConfiguration;
			buildSettings = {
				ASSETCATALOG_COMPILER_APPICON_NAME = AppIcon;
				ASSETCATALOG_COMPILER_GLOBAL_ACCENT_COLOR_NAME = AccentColor;
				CODE_SIGN_STYLE = Automatic;
				CURRENT_PROJECT_VERSION = 1;
				DEVELOPMENT_TEAM = 72929TBAA4;
				ENABLE_PREVIEWS = YES;
				GENERATE_INFOPLIST_FILE = YES;
				INFOPLIST_KEY_UIApplicationSceneManifest_Generation = YES;
				INFOPLIST_KEY_UIApplicationSupportsIndirectInputEvents = YES;
				INFOPLIST_KEY_UILaunchScreen_Generation = YES;
				INFOPLIST_KEY_UISupportedInterfaceOrientations_iPad = "UIInterfaceOrientationPortrait UIInterfaceOrientationPortraitUpsideDown UIInterfaceOrientationLandscapeLeft UIInterfaceOrientationLandscapeRight";
				INFOPLIST_KEY_UISupportedInterfaceOrientations_iPhone = "UIInterfaceOrientationPortrait UIInterfaceOrientationLandscapeLeft UIInterfaceOrientationLandscapeRight";
				LD_RUNPATH_SEARCH_PATHS = (
					"$(inherited)",
					"@executable_path/Frameworks",
				);
				MARKETING_VERSION = 1.0;
				PRODUCT_BUNDLE_IDENTIFIER = com.jorgeperez.TripPlannerApp;
				PRODUCT_NAME = "$(TARGET_NAME)";
				STRING_CATALOG_GENERATE_SYMBOLS = YES;
				SWIFT_APPROACHABLE_CONCURRENCY = YES;
				SWIFT_DEFAULT_ACTOR_ISOLATION = MainActor;
				SWIFT_EMIT_LOC_STRINGS = YES;
				SWIFT_UPCOMING_FEATURE_MEMBER_IMPORT_VISIBILITY = YES;
				SWIFT_VERSION = 5.0;
				TARGETED_DEVICE_FAMILY = "1,2";
			};
			name = Debug;
		};
		CFFE23C72F0AF528009463C9 /* Release */ = {
			isa = XCBuildConfiguration;
			buildSettings = {
				ASSETCATALOG_COMPILER_APPICON_NAME = AppIcon;
				ASSETCATALOG_COMPILER_GLOBAL_ACCENT_COLOR_NAME = AccentColor;
				CODE_SIGN_STYLE = Automatic;
				CURRENT_PROJECT_VERSION = 1;
				DEVELOPMENT_TEAM = 72929TBAA4;
				ENABLE_PREVIEWS = YES;
				GENERATE_INFOPLIST_FILE = YES;
				INFOPLIST_KEY_UIApplicationSceneManifest_Generation = YES;
				INFOPLIST_KEY_UIApplicationSupportsIndirectInputEvents = YES;
				INFOPLIST_KEY_UILaunchScreen_Generation = YES;
				INFOPLIST_KEY_UISupportedInterfaceOrientations_iPad = "UIInterfaceOrientationPortrait UIInterfaceOrientationPortraitUpsideDown UIInterfaceOrientationLandscapeLeft UIInterfaceOrientationLandscapeRight";
				INFOPLIST_KEY_UISupportedInterfaceOrientations_iPhone = "UIInterfaceOrientationPortrait UIInterfaceOrientationLandscapeLeft UIInterfaceOrientationLandscapeRight";
				LD_RUNPATH_SEARCH_PATHS = (
					"$(inherited)",
					"@executable_path/Frameworks",
				);
				MARKETING_VERSION = 1.0;
				PRODUCT_BUNDLE_IDENTIFIER = com.jorgeperez.TripPlannerApp;
				PRODUCT_NAME = "$(TARGET_NAME)";
				STRING_CATALOG_GENERATE_SYMBOLS = YES;
				SWIFT_APPROACHABLE_CONCURRENCY = YES;
				SWIFT_DEFAULT_ACTOR_ISOLATION = MainActor;
				SWIFT_EMIT_LOC_STRINGS = YES;
				SWIFT_UPCOMING_FEATURE_MEMBER_IMPORT_VISIBILITY = YES;
				SWIFT_VERSION = 5.0;
				TARGETED_DEVICE_FAMILY = "1,2";
			};
			name = Release;
		};
		CFFE23C92F0AF528009463C9 /* Debug */ = {
			isa = XCBuildConfiguration;
			buildSettings = {
				BUNDLE_LOADER = "$(TEST_HOST)";
				CODE_SIGN_STYLE = Automatic;
				CURRENT_PROJECT_VERSION = 1;
				DEVELOPMENT_TEAM = 72929TBAA4;
				GENERATE_INFOPLIST_FILE = YES;
				IPHONEOS_DEPLOYMENT_TARGET = 26.1;
				MARKETING_VERSION = 1.0;
				PRODUCT_BUNDLE_IDENTIFIER = com.jorgeperez.TripPlannerAppTests;
				PRODUCT_NAME = "$(TARGET_NAME)";
				STRING_CATALOG_GENERATE_SYMBOLS = NO;
				SWIFT_APPROACHABLE_CONCURRENCY = YES;
				SWIFT_EMIT_LOC_STRINGS = NO;
				SWIFT_UPCOMING_FEATURE_MEMBER_IMPORT_VISIBILITY = YES;
				SWIFT_VERSION = 5.0;
				TARGETED_DEVICE_FAMILY = "1,2";
				TEST_HOST = "$(BUILT_PRODUCTS_DIR)/TripPlannerApp.app/$(BUNDLE_EXECUTABLE_FOLDER_PATH)/TripPlannerApp";
			};
			name = Debug;
		};
		CFFE23CA2F0AF528009463C9 /* Release */ = {
			isa = XCBuildConfiguration;
			buildSettings = {
				BUNDLE_LOADER = "$(TEST_HOST)";
				CODE_SIGN_STYLE = Automatic;
				CURRENT_PROJECT_VERSION = 1;
				DEVELOPMENT_TEAM = 72929TBAA4;
				GENERATE_INFOPLIST_FILE = YES;
				IPHONEOS_DEPLOYMENT_TARGET = 26.1;
				MARKETING_VERSION = 1.0;
				PRODUCT_BUNDLE_IDENTIFIER = com.jorgeperez.TripPlannerAppTests;
				PRODUCT_NAME = "$(TARGET_NAME)";
				STRING_CATALOG_GENERATE_SYMBOLS = NO;
				SWIFT_APPROACHABLE_CONCURRENCY = YES;
				SWIFT_EMIT_LOC_STRINGS = NO;
				SWIFT_UPCOMING_FEATURE_MEMBER_IMPORT_VISIBILITY = YES;
				SWIFT_VERSION = 5.0;
				TARGETED_DEVICE_FAMILY = "1,2";
				TEST_HOST = "$(BUILT_PRODUCTS_DIR)/TripPlannerApp.app/$(BUNDLE_EXECUTABLE_FOLDER_PATH)/TripPlannerApp";
			};
			name = Release;
		};
		CFFE23CC2F0AF528009463C9 /* Debug */ = {
			isa = XCBuildConfiguration;
			buildSettings = {
				CODE_SIGN_STYLE = Automatic;
				CURRENT_PROJECT_VERSION = 1;
				DEVELOPMENT_TEAM = 72929TBAA4;
				GENERATE_INFOPLIST_FILE = YES;
				MARKETING_VERSION = 1.0;
				PRODUCT_BUNDLE_IDENTIFIER = com.jorgeperez.TripPlannerAppUITests;
				PRODUCT_NAME = "$(TARGET_NAME)";
				STRING_CATALOG_GENERATE_SYMBOLS = NO;
				SWIFT_APPROACHABLE_CONCURRENCY = YES;
				SWIFT_EMIT_LOC_STRINGS = NO;
				SWIFT_UPCOMING_FEATURE_MEMBER_IMPORT_VISIBILITY = YES;
				SWIFT_VERSION = 5.0;
				TARGETED_DEVICE_FAMILY = "1,2";
				TEST_TARGET_NAME = TripPlannerApp;
			};
			name = Debug;
		};
		CFFE23CD2F0AF528009463C9 /* Release */ = {
			isa = XCBuildConfiguration;
			buildSettings = {
				CODE_SIGN_STYLE = Automatic;
				CURRENT_PROJECT_VERSION = 1;
				DEVELOPMENT_TEAM = 72929TBAA4;
				GENERATE_INFOPLIST_FILE = YES;
				MARKETING_VERSION = 1.0;
				PRODUCT_BUNDLE_IDENTIFIER = com.jorgeperez.TripPlannerAppUITests;
				PRODUCT_NAME = "$(TARGET_NAME)";
				STRING_CATALOG_GENERATE_SYMBOLS = NO;
				SWIFT_APPROACHABLE_CONCURRENCY = YES;
				SWIFT_EMIT_LOC_STRINGS = NO;
				SWIFT_UPCOMING_FEATURE_MEMBER_IMPORT_VISIBILITY = YES;
				SWIFT_VERSION = 5.0;
				TARGETED_DEVICE_FAMILY = "1,2";
				TEST_TARGET_NAME = TripPlannerApp;
			};
			name = Release;
		};
/* End XCBuildConfiguration section */

/* Begin XCConfigurationList section */
		CFFE239D2F0AF527009463C9 /* Build configuration list for PBXProject "TripPlannerApp" */ = {
			isa = XCConfigurationList;
			buildConfigurations = (
				CFFE23C32F0AF528009463C9 /* Debug */,
				CFFE23C42F0AF528009463C9 /* Release */,
			);
			defaultConfigurationIsVisible = 0;
			defaultConfigurationName = Release;
		};
		CFFE23C52F0AF528009463C9 /* Build configuration list for PBXNativeTarget "TripPlannerApp" */ = {
			isa = XCConfigurationList;
			buildConfigurations = (
				CFFE23C62F0AF528009463C9 /* Debug */,
				CFFE23C72F0AF528009463C9 /* Release */,
			);
			defaultConfigurationIsVisible = 0;
			defaultConfigurationName = Release;
		};
		CFFE23C82F0AF528009463C9 /* Build configuration list for PBXNativeTarget "TripPlannerAppTests" */ = {
			isa = XCConfigurationList;
			buildConfigurations = (
				CFFE23C92F0AF528009463C9 /* Debug */,
				CFFE23CA2F0AF528009463C9 /* Release */,
			);
			defaultConfigurationIsVisible = 0;
			defaultConfigurationName = Release;
		};
		CFFE23CB2F0AF528009463C9 /* Build configuration list for PBXNativeTarget "TripPlannerAppUITests" */ = {
			isa = XCConfigurationList;
			buildConfigurations = (
				CFFE23CC2F0AF528009463C9 /* Debug */,
				CFFE23CD2F0AF528009463C9 /* Release */,
			);
			defaultConfigurationIsVisible = 0;
			defaultConfigurationName = Release;
		};
/* End XCConfigurationList section */

/* Begin XCLocalSwiftPackageReference section */
		CFFE23D32F0AF852009463C9 /* XCLocalSwiftPackageReference "../../Packages/TripPlannerKit" */ = {
			isa = XCLocalSwiftPackageReference;
			relativePath = ../../Packages/TripPlannerKit;
		};
/* End XCLocalSwiftPackageReference section */

/* Begin XCSwiftPackageProductDependency section */
		CFFE23DC2F0B050C009463C9 /* TripPlannerKit */ = {
			isa = XCSwiftPackageProductDependency;
			package = CFFE23D32F0AF852009463C9 /* XCLocalSwiftPackageReference "../../Packages/TripPlannerKit" */;
			productName = TripPlannerKit;
		};
/* End XCSwiftPackageProductDependency section */
	};
	rootObject = CFFE239A2F0AF527009463C9 /* Project object */;
}
